gom 'code.google.com/p/snappy-go/snappy', :commit => 'fe9464a08b027e15216b2073a7198caac2a19eaf'
gom 'code.google.com/p/winsvc/registry', :goos => 'windows', :commit => '1f17ff76eeb7621300964633ed400520ba51b621'
gom 'code.google.com/p/winsvc/svc', :goos => 'windows'
gom 'code.google.com/p/winsvc/winapi', :goos => 'windows'
gom 'github.com/BurntSushi/toml', :commit => '056c9bc7be7190eaa7715723883caffa5f8fa3e4'
gom 'github.com/GaryBoone/GoStats/stats', :commit => '1993eafbef57be29ee8f5eb9d26a22f20ff3c207'
gom 'github.com/Shopify/sarama', :commit => '377669e691f8ba3714f32fc2be1915a0207603a7'
gom 'github.com/armon/go-metrics', :commit => 'b2d95e5291cdbc26997d1301a5e467ecbb240e25'
gom 'github.com/bitly/go-simplejson', :commit => '18db6e68d8fd9cbf2e8ebe4c81a78b96fd9bf05a'
gom 'github.com/boltdb/bolt', :commit => '04a3e85793043e76d41164037d0d7f9d53eecae3'
gom 'github.com/codegangsta/cli', :commit => 'ad480243a8a6cda30acf7cd999ea3e5142154fde'
gom 'github.com/coreos/go-etcd/etcd', :commit => '11803862ebb77bb451b70d790fe036bf4688ba22'
gom 'github.com/eapache/go-resiliency/breaker', :commit => 'ed0319b32e66e3295db52695ba3ee493e823fbfe'
gom 'github.com/eapache/queue', :commit => 'ded5959c0d4e360646dc9e9908cff48666781367'
gom 'github.com/franela/goreq', :commit => '41f8ae0dfac5ef5d94708e02dfc19fab3e66bbf4'
gom 'github.com/gogo/protobuf/proto', :commit => '64f27bf06efee53589314a6e5a4af34cdd85adf6'
gom 'github.com/golang/protobuf/proto', :commit => 'aece6fb931241ad332956db4f62798dfbea944b3'
gom 'github.com/hashicorp/go-msgpack/codec', :commit => 'fa3f63826f7c23912c15263591e65d54d080b458'
gom 'github.com/hashicorp/raft', :commit => 'f0f02dd6d9571bf55dc8e264bb2af270d2193fb7'
gom 'github.com/hashicorp/raft-boltdb', :commit => 'd1e82c1ec3f15ee991f7cc7ffd5b67ff6f5bbaee'
gom 'github.com/influxdb/influxdb/client', :commit => 'e63c59abddf340e6b9456f20b86c244b247ac279'
gom 'github.com/influxdb/influxdb/influxql'
gom 'github.com/influxdb/influxdb/meta'
gom 'github.com/influxdb/influxdb/meta/internal'
gom 'github.com/influxdb/influxdb/snapshot'
gom 'github.com/influxdb/influxdb/toml'
gom 'github.com/influxdb/influxdb/tsdb'
gom 'github.com/influxdb/influxdb/tsdb/internal'
gom 'github.com/influxdb/influxdb_088/client', :commit => 'afde71eb1740fd763ab9450e1f700ba0e53c36d0'
gom 'github.com/julienschmidt/httprouter', :commit => '70708e46004c7bcb09b70e685a8b74a690135387'
gom 'github.com/kr/pretty', :commit => 'e6ac2fc51e89a3249e82157fa0bb7a18ef9dd5bb'
gom 'github.com/kr/text', :commit => 'e373e137fafd8abd480af49182dea0513914adb4'
gom 'github.com/magiconair/properties', :commit => '359442d561ca28acd0fe503aa9f075f505bc9ed0'
gom 'github.com/mattn/go-ole', :goos => 'windows', :commit => 'f63b78f1428752b4a50099a6a86df99bd009498f'
gom 'github.com/mattn/go-ole/oleutil', :goos => 'windows'
gom 'github.com/mitchellh/mapstructure', :commit => '2caf8efc93669b6c43e0441cdc6aed17546c96f3'
gom 'github.com/mozillazg/request', :commit => '1941d545fe95c5916f7f4b96498a3daa93f44a07'
gom 'github.com/oliveagle/daemon', :commit => '380dec92d5a04849bc0abbde3faa42ab27db0840'
gom 'github.com/oliveagle/get-rss'
gom 'github.com/oliveagle/viper',:branch => 'hickwall_inuse'
gom 'github.com/spf13/cast', :commit => '4d07383ffe94b5e5a6fa3af9211374a4507a0184'
gom 'github.com/spf13/jwalterweatherman', :commit => '3d60171a64319ef63c78bd45bd60e6eab1e75f8b'
gom 'github.com/spf13/pflag', :commit => '67cbc198fd11dab704b214c1e629a97af392c085'
gom 'github.com/tatsushid/go-fastping', :commit => 'd19ff13e39e8eb36cd42abb2dd5b62cb1c94f0de'
gom 'golang.org/x/crypto/bcrypt', :commit => '4ed45ec682102c643324fae5dff8dab085b6c300'
gom 'golang.org/x/crypto/blowfish'
gom 'golang.org/x/net/icmp', :commit => 'a8c61998a557a37435f719980da368469c10bfed'
gom 'golang.org/x/net/internal/iana'
gom 'golang.org/x/net/ipv4'
gom 'golang.org/x/net/ipv6'
gom 'golang.org/x/net/proxy'
gom 'golang.org/x/net/publicsuffix'
gom 'gopkg.in/yaml.v2', :commit => '49c95bdc21843256fb6c4e0d370a05f24a0bf213'
gom 'github.com/oliveagle/hickwall/utils'
